
Microsoft Visual Studio Solution File, Format Version 12.00
# Visual Studio Version 17
VisualStudioVersion = 17.4.33213.308
MinimumVisualStudioVersion = 10.0.40219.1
Project("{FAE04EC0-301F-11D3-BF4B-00C04F79EFBC}") = "APIControlEmpleados", "APIControlEmpleados.csproj", "{9ABB7E7F-492E-4E7F-887B-5C3526878166}"
EndProject
Global
	GlobalSection(SolutionConfigurationPlatforms) = preSolution
		Debug|Any CPU = Debug|Any CPU
		Release|Any CPU = Release|Any CPU
	EndGlobalSection
	GlobalSection(ProjectConfigurationPlatforms) = postSolution
		{9ABB7E7F-492E-4E7F-887B-5C3526878166}.Debug|Any CPU.ActiveCfg = Debug|Any CPU
		{9ABB7E7F-492E-4E7F-887B-5C3526878166}.Debug|Any CPU.Build.0 = Debug|Any CPU
		{9ABB7E7F-492E-4E7F-887B-5C3526878166}.Release|Any CPU.ActiveCfg = Release|Any CPU
		{9ABB7E7F-492E-4E7F-887B-5C3526878166}.Release|Any CPU.Build.0 = Release|Any CPU
	EndGlobalSection
	GlobalSection(SolutionProperties) = preSolution
		HideSolutionNode = FALSE
	EndGlobalSection
	GlobalSection(ExtensibilityGlobals) = postSolution
		SolutionGuid = {31E9B624-ABCC-46E3-BA56-39CC10F2DC9C}
	EndGlobalSection
EndGlobal
